// !$*UTF8*$!
{
	archiveVersion = 1;
	classes = {
	};
	objectVersion = 48;
	objects = {

/* Begin PBXBuildFile section */
		964611D01EF8BEA500BFBDA1 /* Response+Unbox.swift in Sources */ = {isa = PBXBuildFile; fileRef = 964611CF1EF8BEA500BFBDA1 /* Response+Unbox.swift */; };
		965A0BAC1EF8C681009913D3 /* Response+Codable.swift in Sources */ = {isa = PBXBuildFile; fileRef = 965A0BAB1EF8C681009913D3 /* Response+Codable.swift */; };
		965A0BAE1EF8CDBB009913D3 /* TransparentDataParser.swift in Sources */ = {isa = PBXBuildFile; fileRef = 965A0BAD1EF8CDBB009913D3 /* TransparentDataParser.swift */; };
		965A0BB21EF8E6F0009913D3 /* MockURLProtocol.swift in Sources */ = {isa = PBXBuildFile; fileRef = 965A0BB11EF8E6F0009913D3 /* MockURLProtocol.swift */; };
		965A0BB41EF8E78D009913D3 /* user.json in Resources */ = {isa = PBXBuildFile; fileRef = 965A0BB31EF8E78D009913D3 /* user.json */; };
		965A0BB61EF8EBEA009913D3 /* Session.swift in Sources */ = {isa = PBXBuildFile; fileRef = 965A0BB51EF8EBEA009913D3 /* Session.swift */; };
		96A8B47D1EF7BBA9004C9CA1 /* AppDelegate.swift in Sources */ = {isa = PBXBuildFile; fileRef = 96A8B47C1EF7BBA9004C9CA1 /* AppDelegate.swift */; };
		96A8B47F1EF7BBA9004C9CA1 /* ViewController.swift in Sources */ = {isa = PBXBuildFile; fileRef = 96A8B47E1EF7BBA9004C9CA1 /* ViewController.swift */; };
		96A8B4821EF7BBA9004C9CA1 /* Main.storyboard in Resources */ = {isa = PBXBuildFile; fileRef = 96A8B4801EF7BBA9004C9CA1 /* Main.storyboard */; };
		96A8B4841EF7BBA9004C9CA1 /* Assets.xcassets in Resources */ = {isa = PBXBuildFile; fileRef = 96A8B4831EF7BBA9004C9CA1 /* Assets.xcassets */; };
		96A8B4871EF7BBA9004C9CA1 /* LaunchScreen.storyboard in Resources */ = {isa = PBXBuildFile; fileRef = 96A8B4851EF7BBA9004C9CA1 /* LaunchScreen.storyboard */; };
		96A8B4921EF7BD6A004C9CA1 /* APIKit.framework in Frameworks */ = {isa = PBXBuildFile; fileRef = 96A8B4911EF7BCC1004C9CA1 /* APIKit.framework */; };
		96A8B4931EF7BD7B004C9CA1 /* Result.framework in Frameworks */ = {isa = PBXBuildFile; fileRef = 96A8B4901EF7BCC1004C9CA1 /* Result.framework */; };
		96E023461EF7C39D0008F824 /* Himotoki.framework in Frameworks */ = {isa = PBXBuildFile; fileRef = 96E023451EF7C36B0008F824 /* Himotoki.framework */; };
		96E023491EF7C3CD0008F824 /* ObjectMapper.framework in Frameworks */ = {isa = PBXBuildFile; fileRef = 96E023471EF7C39E0008F824 /* ObjectMapper.framework */; };
		96E0234A1EF7C3DB0008F824 /* Unbox.framework in Frameworks */ = {isa = PBXBuildFile; fileRef = 96E023481EF7C39E0008F824 /* Unbox.framework */; };
		96E0234C1EF7C6F40008F824 /* Request.swift in Sources */ = {isa = PBXBuildFile; fileRef = 96E0234B1EF7C6F40008F824 /* Request.swift */; };
		96E0234E1EF7CD4F0008F824 /* Response+Default.swift in Sources */ = {isa = PBXBuildFile; fileRef = 96E0234D1EF7CD4F0008F824 /* Response+Default.swift */; };
		96E023501EF7CD9E0008F824 /* Response.swift in Sources */ = {isa = PBXBuildFile; fileRef = 96E0234F1EF7CD9E0008F824 /* Response.swift */; };
		96E023521EF7D4130008F824 /* Response+Himotoki.swift in Sources */ = {isa = PBXBuildFile; fileRef = 96E023511EF7D4120008F824 /* Response+Himotoki.swift */; };
/* End PBXBuildFile section */

/* Begin PBXFileReference section */
		964611CF1EF8BEA500BFBDA1 /* Response+Unbox.swift */ = {isa = PBXFileReference; lastKnownFileType = sourcecode.swift; path = "Response+Unbox.swift"; sourceTree = "<group>"; };
		965A0BAB1EF8C681009913D3 /* Response+Codable.swift */ = {isa = PBXFileReference; lastKnownFileType = sourcecode.swift; path = "Response+Codable.swift"; sourceTree = "<group>"; };
		965A0BAD1EF8CDBB009913D3 /* TransparentDataParser.swift */ = {isa = PBXFileReference; lastKnownFileType = sourcecode.swift; path = TransparentDataParser.swift; sourceTree = "<group>"; };
		965A0BB11EF8E6F0009913D3 /* MockURLProtocol.swift */ = {isa = PBXFileReference; lastKnownFileType = sourcecode.swift; path = MockURLProtocol.swift; sourceTree = "<group>"; };
		965A0BB31EF8E78D009913D3 /* user.json */ = {isa = PBXFileReference; lastKnownFileType = text.json; path = user.json; sourceTree = "<group>"; };
		965A0BB51EF8EBEA009913D3 /* Session.swift */ = {isa = PBXFileReference; lastKnownFileType = sourcecode.swift; path = Session.swift; sourceTree = "<group>"; };
		96A8B4791EF7BBA9004C9CA1 /* TestAPIKit.app */ = {isa = PBXFileReference; explicitFileType = wrapper.application; includeInIndex = 0; path = TestAPIKit.app; sourceTree = BUILT_PRODUCTS_DIR; };
		96A8B47C1EF7BBA9004C9CA1 /* AppDelegate.swift */ = {isa = PBXFileReference; lastKnownFileType = sourcecode.swift; path = AppDelegate.swift; sourceTree = "<group>"; };
		96A8B47E1EF7BBA9004C9CA1 /* ViewController.swift */ = {isa = PBXFileReference; lastKnownFileType = sourcecode.swift; path = ViewController.swift; sourceTree = "<group>"; };
		96A8B4811EF7BBA9004C9CA1 /* Base */ = {isa = PBXFileReference; lastKnownFileType = file.storyboard; name = Base; path = Base.lproj/Main.storyboard; sourceTree = "<group>"; };
		96A8B4831EF7BBA9004C9CA1 /* Assets.xcassets */ = {isa = PBXFileReference; lastKnownFileType = folder.assetcatalog; path = Assets.xcassets; sourceTree = "<group>"; };
		96A8B4861EF7BBA9004C9CA1 /* Base */ = {isa = PBXFileReference; lastKnownFileType = file.storyboard; name = Base; path = Base.lproj/LaunchScreen.storyboard; sourceTree = "<group>"; };
		96A8B4881EF7BBA9004C9CA1 /* Info.plist */ = {isa = PBXFileReference; lastKnownFileType = text.plist.xml; path = Info.plist; sourceTree = "<group>"; };
		96A8B4901EF7BCC1004C9CA1 /* Result.framework */ = {isa = PBXFileReference; lastKnownFileType = wrapper.framework; name = Result.framework; path = Carthage/Build/iOS/Result.framework; sourceTree = "<group>"; };
		96A8B4911EF7BCC1004C9CA1 /* APIKit.framework */ = {isa = PBXFileReference; lastKnownFileType = wrapper.framework; name = APIKit.framework; path = Carthage/Build/iOS/APIKit.framework; sourceTree = "<group>"; };
		96E023451EF7C36B0008F824 /* Himotoki.framework */ = {isa = PBXFileReference; lastKnownFileType = wrapper.framework; name = Himotoki.framework; path = Carthage/Build/iOS/Himotoki.framework; sourceTree = "<group>"; };
		96E023471EF7C39E0008F824 /* ObjectMapper.framework */ = {isa = PBXFileReference; lastKnownFileType = wrapper.framework; name = ObjectMapper.framework; path = Carthage/Build/iOS/ObjectMapper.framework; sourceTree = "<group>"; };
		96E023481EF7C39E0008F824 /* Unbox.framework */ = {isa = PBXFileReference; lastKnownFileType = wrapper.framework; name = Unbox.framework; path = Carthage/Build/iOS/Unbox.framework; sourceTree = "<group>"; };
		96E0234B1EF7C6F40008F824 /* Request.swift */ = {isa = PBXFileReference; lastKnownFileType = sourcecode.swift; path = Request.swift; sourceTree = "<group>"; };
		96E0234D1EF7CD4F0008F824 /* Response+Default.swift */ = {isa = PBXFileReference; lastKnownFileType = sourcecode.swift; path = "Response+Default.swift"; sourceTree = "<group>"; };
		96E0234F1EF7CD9E0008F824 /* Response.swift */ = {isa = PBXFileReference; lastKnownFileType = sourcecode.swift; path = Response.swift; sourceTree = "<group>"; };
		96E023511EF7D4120008F824 /* Response+Himotoki.swift */ = {isa = PBXFileReference; lastKnownFileType = sourcecode.swift; path = "Response+Himotoki.swift"; sourceTree = "<group>"; };
/* End PBXFileReference section */

/* Begin PBXFrameworksBuildPhase section */
		96A8B4761EF7BBA9004C9CA1 /* Frameworks */ = {
			isa = PBXFrameworksBuildPhase;
			buildActionMask = 2147483647;
			files = (
				96E0234A1EF7C3DB0008F824 /* Unbox.framework in Frameworks */,
				96E023491EF7C3CD0008F824 /* ObjectMapper.framework in Frameworks */,
				96E023461EF7C39D0008F824 /* Himotoki.framework in Frameworks */,
				96A8B4931EF7BD7B004C9CA1 /* Result.framework in Frameworks */,
				96A8B4921EF7BD6A004C9CA1 /* APIKit.framework in Frameworks */,
			);
			runOnlyForDeploymentPostprocessing = 0;
		};
/* End PBXFrameworksBuildPhase section */

/* Begin PBXGroup section */
		96A8B4701EF7BBA9004C9CA1 = {
			isa = PBXGroup;
			children = (
				96A8B47B1EF7BBA9004C9CA1 /* TestAPIKit */,
				96A8B47A1EF7BBA9004C9CA1 /* Products */,
				96A8B48F1EF7BCC1004C9CA1 /* Frameworks */,
			);
			sourceTree = "<group>";
		};
		96A8B47A1EF7BBA9004C9CA1 /* Products */ = {
			isa = PBXGroup;
			children = (
				96A8B4791EF7BBA9004C9CA1 /* TestAPIKit.app */,
			);
			name = Products;
			sourceTree = "<group>";
		};
		96A8B47B1EF7BBA9004C9CA1 /* TestAPIKit */ = {
			isa = PBXGroup;
			children = (
				96A8B47C1EF7BBA9004C9CA1 /* AppDelegate.swift */,
				96A8B47E1EF7BBA9004C9CA1 /* ViewController.swift */,
				96A8B4801EF7BBA9004C9CA1 /* Main.storyboard */,
				96A8B4831EF7BBA9004C9CA1 /* Assets.xcassets */,
				96A8B4851EF7BBA9004C9CA1 /* LaunchScreen.storyboard */,
				96A8B4881EF7BBA9004C9CA1 /* Info.plist */,
				96E0234B1EF7C6F40008F824 /* Request.swift */,
				96E0234F1EF7CD9E0008F824 /* Response.swift */,
				96E0234D1EF7CD4F0008F824 /* Response+Default.swift */,
				96E023511EF7D4120008F824 /* Response+Himotoki.swift */,
				964611CF1EF8BEA500BFBDA1 /* Response+Unbox.swift */,
				965A0BAB1EF8C681009913D3 /* Response+Codable.swift */,
				965A0BAD1EF8CDBB009913D3 /* TransparentDataParser.swift */,
				965A0BB51EF8EBEA009913D3 /* Session.swift */,
				965A0BB11EF8E6F0009913D3 /* MockURLProtocol.swift */,
				965A0BB31EF8E78D009913D3 /* user.json */,
			);
			path = TestAPIKit;
			sourceTree = "<group>";
		};
		96A8B48F1EF7BCC1004C9CA1 /* Frameworks */ = {
			isa = PBXGroup;
			children = (
				96E023471EF7C39E0008F824 /* ObjectMapper.framework */,
				96E023481EF7C39E0008F824 /* Unbox.framework */,
				96E023451EF7C36B0008F824 /* Himotoki.framework */,
				96A8B4911EF7BCC1004C9CA1 /* APIKit.framework */,
				96A8B4901EF7BCC1004C9CA1 /* Result.framework */,
			);
			name = Frameworks;
			sourceTree = "<group>";
		};
/* End PBXGroup section */

/* Begin PBXNativeTarget section */
		96A8B4781EF7BBA9004C9CA1 /* TestAPIKit */ = {
			isa = PBXNativeTarget;
			buildConfigurationList = 96A8B48B1EF7BBA9004C9CA1 /* Build configuration list for PBXNativeTarget "TestAPIKit" */;
			buildPhases = (
				96A8B4751EF7BBA9004C9CA1 /* Sources */,
				96A8B4761EF7BBA9004C9CA1 /* Frameworks */,
				96A8B4771EF7BBA9004C9CA1 /* Resources */,
				96A8B48E1EF7BC9F004C9CA1 /* ShellScript */,
			);
			buildRules = (
			);
			dependencies = (
			);
			name = TestAPIKit;
			productName = TestAPIKit;
			productReference = 96A8B4791EF7BBA9004C9CA1 /* TestAPIKit.app */;
			productType = "com.apple.product-type.application";
		};
/* End PBXNativeTarget section */

/* Begin PBXProject section */
		96A8B4711EF7BBA9004C9CA1 /* Project object */ = {
			isa = PBXProject;
			attributes = {
				LastSwiftUpdateCheck = 0900;
				LastUpgradeCheck = 0900;
				ORGANIZATIONNAME = Galapagos;
				TargetAttributes = {
					96A8B4781EF7BBA9004C9CA1 = {
						CreatedOnToolsVersion = 9.0;
					};
				};
			};
			buildConfigurationList = 96A8B4741EF7BBA9004C9CA1 /* Build configuration list for PBXProject "TestAPIKit" */;
			compatibilityVersion = "Xcode 8.0";
			developmentRegion = en;
			hasScannedForEncodings = 0;
			knownRegions = (
				en,
				Base,
			);
			mainGroup = 96A8B4701EF7BBA9004C9CA1;
			productRefGroup = 96A8B47A1EF7BBA9004C9CA1 /* Products */;
			projectDirPath = "";
			projectRoot = "";
			targets = (
				96A8B4781EF7BBA9004C9CA1 /* TestAPIKit */,
			);
		};
/* End PBXProject section */

/* Begin PBXResourcesBuildPhase section */
		96A8B4771EF7BBA9004C9CA1 /* Resources */ = {
			isa = PBXResourcesBuildPhase;
			buildActionMask = 2147483647;
			files = (
				965A0BB41EF8E78D009913D3 /* user.json in Resources */,
				96A8B4871EF7BBA9004C9CA1 /* LaunchScreen.storyboard in Resources */,
				96A8B4841EF7BBA9004C9CA1 /* Assets.xcassets in Resources */,
				96A8B4821EF7BBA9004C9CA1 /* Main.storyboard in Resources */,
			);
			runOnlyForDeploymentPostprocessing = 0;
		};
/* End PBXResourcesBuildPhase section */

/* Begin PBXShellScriptBuildPhase section */
		96A8B48E1EF7BC9F004C9CA1 /* ShellScript */ = {
			isa = PBXShellScriptBuildPhase;
			buildActionMask = 2147483647;
			files = (
			);
			inputPaths = (
				"$(SRCROOT)/Carthage/Build/iOS/Result.framework",
				"$(SRCROOT)/Carthage/Build/iOS/APIKit.framework",
				"$(SRCROOT)/Carthage/Build/iOS/Himotoki.framework",
				"$(SRCROOT)/Carthage/Build/iOS/ObjectMapper.framework",
				"$(SRCROOT)/Carthage/Build/iOS/Unbox.framework",
			);
			outputPaths = (
			);
			runOnlyForDeploymentPostprocessing = 0;
			shellPath = /bin/sh;
			shellScript = "/usr/local/bin/carthage copy-frameworks";
		};
/* End PBXShellScriptBuildPhase section */

/* Begin PBXSourcesBuildPhase section */
		96A8B4751EF7BBA9004C9CA1 /* Sources */ = {
			isa = PBXSourcesBuildPhase;
			buildActionMask = 2147483647;
			files = (
				96E0234E1EF7CD4F0008F824 /* Response+Default.swift in Sources */,
				964611D01EF8BEA500BFBDA1 /* Response+Unbox.swift in Sources */,
				965A0BB21EF8E6F0009913D3 /* MockURLProtocol.swift in Sources */,
				96A8B47F1EF7BBA9004C9CA1 /* ViewController.swift in Sources */,
				96A8B47D1EF7BBA9004C9CA1 /* AppDelegate.swift in Sources */,
				96E0234C1EF7C6F40008F824 /* Request.swift in Sources */,
				965A0BAC1EF8C681009913D3 /* Response+Codable.swift in Sources */,
				96E023521EF7D4130008F824 /* Response+Himotoki.swift in Sources */,
				965A0BB61EF8EBEA009913D3 /* Session.swift in Sources */,
				96E023501EF7CD9E0008F824 /* Response.swift in Sources */,
				965A0BAE1EF8CDBB009913D3 /* TransparentDataParser.swift in Sources */,
			);
			runOnlyForDeploymentPostprocessing = 0;
		};
/* End PBXSourcesBuildPhase section */

/* Begin PBXVariantGroup section */
		96A8B4801EF7BBA9004C9CA1 /* Main.storyboard */ = {
			isa = PBXVariantGroup;
			children = (
				96A8B4811EF7BBA9004C9CA1 /* Base */,
			);
			name = Main.storyboard;
			sourceTree = "<group>";
		};
		96A8B4851EF7BBA9004C9CA1 /* LaunchScreen.storyboard */ = {
			isa = PBXVariantGroup;
			children = (
				96A8B4861EF7BBA9004C9CA1 /* Base */,
			);
			name = LaunchScreen.storyboard;
			sourceTree = "<group>";
		};
/* End PBXVariantGroup section */

/* Begin XCBuildConfiguration section */
		96A8B4891EF7BBA9004C9CA1 /* Debug */ = {
			isa = XCBuildConfiguration;
			buildSettings = {
				ALWAYS_SEARCH_USER_PATHS = NO;
				CLANG_ANALYZER_NONNULL = YES;
				CLANG_ANALYZER_NUMBER_OBJECT_CONVERSION = YES_AGGRESSIVE;
				CLANG_CXX_LANGUAGE_STANDARD = "gnu++14";
				CLANG_CXX_LIBRARY = "libc++";
				CLANG_ENABLE_MODULES = YES;
				CLANG_ENABLE_OBJC_ARC = YES;
				CLANG_WARN_BLOCK_CAPTURE_AUTORELEASING = YES;
				CLANG_WARN_BOOL_CONVERSION = YES;
				CLANG_WARN_COMMA = YES;
				CLANG_WARN_CONSTANT_CONVERSION = YES;
				CLANG_WARN_DIRECT_OBJC_ISA_USAGE = YES_ERROR;
				CLANG_WARN_DOCUMENTATION_COMMENTS = YES;
				CLANG_WARN_EMPTY_BODY = YES;
				CLANG_WARN_ENUM_CONVERSION = YES;
				CLANG_WARN_INFINITE_RECURSION = YES;
				CLANG_WARN_INT_CONVERSION = YES;
				CLANG_WARN_OBJC_ROOT_CLASS = YES_ERROR;
				CLANG_WARN_RANGE_LOOP_ANALYSIS = YES;
				CLANG_WARN_STRICT_PROTOTYPES = YES;
				CLANG_WARN_SUSPICIOUS_MOVE = YES;
				CLANG_WARN_UNGUARDED_AVAILABILITY = YES_AGGRESSIVE;
				CLANG_WARN_UNREACHABLE_CODE = YES;
				CLANG_WARN__DUPLICATE_METHOD_MATCH = YES;
				CODE_SIGN_IDENTITY = "iPhone Developer";
				COPY_PHASE_STRIP = NO;
				DEBUG_INFORMATION_FORMAT = dwarf;
				ENABLE_STRICT_OBJC_MSGSEND = YES;
				ENABLE_TESTABILITY = YES;
				GCC_C_LANGUAGE_STANDARD = gnu11;
				GCC_DYNAMIC_NO_PIC = NO;
				GCC_NO_COMMON_BLOCKS = YES;
				GCC_OPTIMIZATION_LEVEL = 0;
				GCC_PREPROCESSOR_DEFINITIONS = (
					"DEBUG=1",
					"$(inherited)",
				);
				GCC_WARN_64_TO_32_BIT_CONVERSION = YES;
				GCC_WARN_ABOUT_RETURN_TYPE = YES_ERROR;
				GCC_WARN_UNDECLARED_SELECTOR = YES;
				GCC_WARN_UNINITIALIZED_AUTOS = YES_AGGRESSIVE;
				GCC_WARN_UNUSED_FUNCTION = YES;
				GCC_WARN_UNUSED_VARIABLE = YES;
				IPHONEOS_DEPLOYMENT_TARGET = 11.0;
				MTL_ENABLE_DEBUG_INFO = YES;
				ONLY_ACTIVE_ARCH = YES;
				SDKROOT = iphoneos;
				SWIFT_ACTIVE_COMPILATION_CONDITIONS = DEBUG;
				SWIFT_OPTIMIZATION_LEVEL = "-Onone";
			};
			name = Debug;
		};
		96A8B48A1EF7BBA9004C9CA1 /* Release */ = {
			isa = XCBuildConfiguration;
			buildSettings = {
				ALWAYS_SEARCH_USER_PATHS = NO;
				CLANG_ANALYZER_NONNULL = YES;
				CLANG_ANALYZER_NUMBER_OBJECT_CONVERSION = YES_AGGRESSIVE;
				CLANG_CXX_LANGUAGE_STANDARD = "gnu++14";
				CLANG_CXX_LIBRARY = "libc++";
				CLANG_ENABLE_MODULES = YES;
				CLANG_ENABLE_OBJC_ARC = YES;
				CLANG_WARN_BLOCK_CAPTURE_AUTORELEASING = YES;
				CLANG_WARN_BOOL_CONVERSION = YES;
				CLANG_WARN_COMMA = YES;
				CLANG_WARN_CONSTANT_CONVERSION = YES;
				CLANG_WARN_DIRECT_OBJC_ISA_USAGE = YES_ERROR;
				CLANG_WARN_DOCUMENTATION_COMMENTS = YES;
				CLANG_WARN_EMPTY_BODY = YES;
				CLANG_WARN_ENUM_CONVERSION = YES;
				CLANG_WARN_INFINITE_RECURSION = YES;
				CLANG_WARN_INT_CONVERSION = YES;
				CLANG_WARN_OBJC_ROOT_CLASS = YES_ERROR;
				CLANG_WARN_RANGE_LOOP_ANALYSIS = YES;
				CLANG_WARN_STRICT_PROTOTYPES = YES;
				CLANG_WARN_SUSPICIOUS_MOVE = YES;
				CLANG_WARN_UNGUARDED_AVAILABILITY = YES_AGGRESSIVE;
				CLANG_WARN_UNREACHABLE_CODE = YES;
				CLANG_WARN__DUPLICATE_METHOD_MATCH = YES;
				CODE_SIGN_IDENTITY = "iPhone Developer";
				COPY_PHASE_STRIP = NO;
				DEBUG_INFORMATION_FORMAT = "dwarf-with-dsym";
				ENABLE_NS_ASSERTIONS = NO;
				ENABLE_STRICT_OBJC_MSGSEND = YES;
				GCC_C_LANGUAGE_STANDARD = gnu11;
				GCC_NO_COMMON_BLOCKS = YES;
				GCC_WARN_64_TO_32_BIT_CONVERSION = YES;
				GCC_WARN_ABOUT_RETURN_TYPE = YES_ERROR;
				GCC_WARN_UNDECLARED_SELECTOR = YES;
				GCC_WARN_UNINITIALIZED_AUTOS = YES_AGGRESSIVE;
				GCC_WARN_UNUSED_FUNCTION = YES;
				GCC_WARN_UNUSED_VARIABLE = YES;
				IPHONEOS_DEPLOYMENT_TARGET = 11.0;
				MTL_ENABLE_DEBUG_INFO = NO;
				SDKROOT = iphoneos;
				SWIFT_OPTIMIZATION_LEVEL = "-Owholemodule";
				VALIDATE_PRODUCT = YES;
			};
			name = Release;
		};
		96A8B48C1EF7BBA9004C9CA1 /* Debug */ = {
			isa = XCBuildConfiguration;
			buildSettings = {
				ASSETCATALOG_COMPILER_APPICON_NAME = AppIcon;
				FRAMEWORK_SEARCH_PATHS = (
					"$(inherited)",
					"$(PROJECT_DIR)/Carthage/Build/iOS",
				);
				INFOPLIST_FILE = TestAPIKit/Info.plist;
				LD_RUNPATH_SEARCH_PATHS = "$(inherited) @executable_path/Frameworks";
				PRODUCT_BUNDLE_IDENTIFIER = com.glpgs.TestAPIKit;
				PRODUCT_NAME = "$(TARGET_NAME)";
				SWIFT_VERSION = 4.0;
				TARGETED_DEVICE_FAMILY = "1,2";
			};
			name = Debug;
		};
		96A8B48D1EF7BBA9004C9CA1 /* Release */ = {
			isa = XCBuildConfiguration;
			buildSettings = {
				ASSETCATALOG_COMPILER_APPICON_NAME = AppIcon;
				FRAMEWORK_SEARCH_PATHS = (
					"$(inherited)",
					"$(PROJECT_DIR)/Carthage/Build/iOS",
				);
				INFOPLIST_FILE = TestAPIKit/Info.plist;
				LD_RUNPATH_SEARCH_PATHS = "$(inherited) @executable_path/Frameworks";
				PRODUCT_BUNDLE_IDENTIFIER = com.glpgs.TestAPIKit;
				PRODUCT_NAME = "$(TARGET_NAME)";
				SWIFT_VERSION = 4.0;
				TARGETED_DEVICE_FAMILY = "1,2";
			};
			name = Release;
		};
/* End XCBuildConfiguration section */

/* Begin XCConfigurationList section */
		96A8B4741EF7BBA9004C9CA1 /* Build configuration list for PBXProject "TestAPIKit" */ = {
			isa = XCConfigurationList;
			buildConfigurations = (
				96A8B4891EF7BBA9004C9CA1 /* Debug */,
				96A8B48A1EF7BBA9004C9CA1 /* Release */,
			);
			defaultConfigurationIsVisible = 0;
			defaultConfigurationName = Release;
		};
		96A8B48B1EF7BBA9004C9CA1 /* Build configuration list for PBXNativeTarget "TestAPIKit" */ = {
			isa = XCConfigurationList;
			buildConfigurations = (
				96A8B48C1EF7BBA9004C9CA1 /* Debug */,
				96A8B48D1EF7BBA9004C9CA1 /* Release */,
			);
			defaultConfigurationIsVisible = 0;
			defaultConfigurationName = Release;
		};
/* End XCConfigurationList section */
	};
	rootObject = 96A8B4711EF7BBA9004C9CA1 /* Project object */;
}
